// !$*UTF8*$!
{
	archiveVersion = 1;
	classes = {
	};
	objectVersion = 50;
	objects = {

/* Begin PBXBuildFile section */
		B92099BF2554BF6D003047CE /* AppDelegate.swift in Sources */ = {isa = PBXBuildFile; fileRef = B92099BE2554BF6D003047CE /* AppDelegate.swift */; };
		B92099C12554BF6D003047CE /* SceneDelegate.swift in Sources */ = {isa = PBXBuildFile; fileRef = B92099C02554BF6D003047CE /* SceneDelegate.swift */; };
		B92099C32554BF6D003047CE /* ViewController.swift in Sources */ = {isa = PBXBuildFile; fileRef = B92099C22554BF6D003047CE /* ViewController.swift */; };
		B92099C62554BF6D003047CE /* Main.storyboard in Resources */ = {isa = PBXBuildFile; fileRef = B92099C42554BF6D003047CE /* Main.storyboard */; };
		B92099C82554BF6E003047CE /* Assets.xcassets in Resources */ = {isa = PBXBuildFile; fileRef = B92099C72554BF6E003047CE /* Assets.xcassets */; };
		B92099CB2554BF6E003047CE /* LaunchScreen.storyboard in Resources */ = {isa = PBXBuildFile; fileRef = B92099C92554BF6E003047CE /* LaunchScreen.storyboard */; };
		B92099D42554C130003047CE /* MainTabBarController.swift in Sources */ = {isa = PBXBuildFile; fileRef = B92099D32554C130003047CE /* MainTabBarController.swift */; };
		B92099D72554C3C9003047CE /* MyViewController.swift in Sources */ = {isa = PBXBuildFile; fileRef = B92099D62554C3C9003047CE /* MyViewController.swift */; };
/* End PBXBuildFile section */

/* Begin PBXFileReference section */
		B92099BB2554BF6D003047CE /* TabBarControllerWithoutStroyboard.app */ = {isa = PBXFileReference; explicitFileType = wrapper.application; includeInIndex = 0; path = TabBarControllerWithoutStroyboard.app; sourceTree = BUILT_PRODUCTS_DIR; };
		B92099BE2554BF6D003047CE /* AppDelegate.swift */ = {isa = PBXFileReference; lastKnownFileType = sourcecode.swift; path = AppDelegate.swift; sourceTree = "<group>"; };
		B92099C02554BF6D003047CE /* SceneDelegate.swift */ = {isa = PBXFileReference; lastKnownFileType = sourcecode.swift; path = SceneDelegate.swift; sourceTree = "<group>"; };
		B92099C22554BF6D003047CE /* ViewController.swift */ = {isa = PBXFileReference; lastKnownFileType = sourcecode.swift; path = ViewController.swift; sourceTree = "<group>"; };
		B92099C52554BF6D003047CE /* Base */ = {isa = PBXFileReference; lastKnownFileType = file.storyboard; name = Base; path = Base.lproj/Main.storyboard; sourceTree = "<group>"; };
		B92099C72554BF6E003047CE /* Assets.xcassets */ = {isa = PBXFileReference; lastKnownFileType = folder.assetcatalog; path = Assets.xcassets; sourceTree = "<group>"; };
		B92099CA2554BF6E003047CE /* Base */ = {isa = PBXFileReference; lastKnownFileType = file.storyboard; name = Base; path = Base.lproj/LaunchScreen.storyboard; sourceTree = "<group>"; };
		B92099CC2554BF6E003047CE /* Info.plist */ = {isa = PBXFileReference; lastKnownFileType = text.plist.xml; path = Info.plist; sourceTree = "<group>"; };
		B92099D32554C130003047CE /* MainTabBarController.swift */ = {isa = PBXFileReference; lastKnownFileType = sourcecode.swift; path = MainTabBarController.swift; sourceTree = "<group>"; };
		B92099D62554C3C9003047CE /* MyViewController.swift */ = {isa = PBXFileReference; lastKnownFileType = sourcecode.swift; path = MyViewController.swift; sourceTree = "<group>"; };
		B92099D925551648003047CE /* screenshot2.png */ = {isa = PBXFileReference; lastKnownFileType = image.png; path = screenshot2.png; sourceTree = "<group>"; };
		B92099DA25551648003047CE /* screenshot1.png */ = {isa = PBXFileReference; lastKnownFileType = image.png; path = screenshot1.png; sourceTree = "<group>"; };
/* End PBXFileReference section */

/* Begin PBXFrameworksBuildPhase section */
		B92099B82554BF6D003047CE /* Frameworks */ = {
			isa = PBXFrameworksBuildPhase;
			buildActionMask = 2147483647;
			files = (
			);
			runOnlyForDeploymentPostprocessing = 0;
		};
/* End PBXFrameworksBuildPhase section */

/* Begin PBXGroup section */
		B92099B22554BF6D003047CE = {
			isa = PBXGroup;
			children = (
				B92099BD2554BF6D003047CE /* TabBarControllerWithoutStroyboard */,
				B92099BC2554BF6D003047CE /* Products */,
			);
			sourceTree = "<group>";
		};
		B92099BC2554BF6D003047CE /* Products */ = {
			isa = PBXGroup;
			children = (
				B92099BB2554BF6D003047CE /* TabBarControllerWithoutStroyboard.app */,
			);
			name = Products;
			sourceTree = "<group>";
		};
		B92099BD2554BF6D003047CE /* TabBarControllerWithoutStroyboard */ = {
			isa = PBXGroup;
			children = (
				B92099BE2554BF6D003047CE /* AppDelegate.swift */,
				B92099C02554BF6D003047CE /* SceneDelegate.swift */,
				B92099C22554BF6D003047CE /* ViewController.swift */,
				B92099C42554BF6D003047CE /* Main.storyboard */,
				B92099DA25551648003047CE /* screenshot1.png */,
				B92099D925551648003047CE /* screenshot2.png */,
				B92099C72554BF6E003047CE /* Assets.xcassets */,
				B92099C92554BF6E003047CE /* LaunchScreen.storyboard */,
				B92099CC2554BF6E003047CE /* Info.plist */,
				B92099D32554C130003047CE /* MainTabBarController.swift */,
				B92099D62554C3C9003047CE /* MyViewController.swift */,
			);
			path = TabBarControllerWithoutStroyboard;
			sourceTree = "<group>";
		};
/* End PBXGroup section */

/* Begin PBXNativeTarget section */
		B92099BA2554BF6D003047CE /* TabBarControllerWithoutStroyboard */ = {
			isa = PBXNativeTarget;
			buildConfigurationList = B92099CF2554BF6E003047CE /* Build configuration list for PBXNativeTarget "TabBarControllerWithoutStroyboard" */;
			buildPhases = (
				B92099B72554BF6D003047CE /* Sources */,
				B92099B82554BF6D003047CE /* Frameworks */,
				B92099B92554BF6D003047CE /* Resources */,
			);
			buildRules = (
			);
			dependencies = (
			);
			name = TabBarControllerWithoutStroyboard;
			productName = TabBarControllerWithoutStroyboard;
			productReference = B92099BB2554BF6D003047CE /* TabBarControllerWithoutStroyboard.app */;
			productType = "com.apple.product-type.application";
		};
/* End PBXNativeTarget section */

/* Begin PBXProject section */
		B92099B32554BF6D003047CE /* Project object */ = {
			isa = PBXProject;
			attributes = {
				LastSwiftUpdateCheck = 1210;
				LastUpgradeCheck = 1210;
				TargetAttributes = {
					B92099BA2554BF6D003047CE = {
						CreatedOnToolsVersion = 12.1;
					};
				};
			};
			buildConfigurationList = B92099B62554BF6D003047CE /* Build configuration list for PBXProject "TabBarControllerWithoutStroyboard" */;
			compatibilityVersion = "Xcode 9.3";
			developmentRegion = en;
			hasScannedForEncodings = 0;
			knownRegions = (
				en,
				Base,
			);
			mainGroup = B92099B22554BF6D003047CE;
			productRefGroup = B92099BC2554BF6D003047CE /* Products */;
			projectDirPath = "";
			projectRoot = "";
			targets = (
				B92099BA2554BF6D003047CE /* TabBarControllerWithoutStroyboard */,
			);
		};
/* End PBXProject section */

/* Begin PBXResourcesBuildPhase section */
		B92099B92554BF6D003047CE /* Resources */ = {
			isa = PBXResourcesBuildPhase;
			buildActionMask = 2147483647;
			files = (
				B92099CB2554BF6E003047CE /* LaunchScreen.storyboard in Resources */,
				B92099C82554BF6E003047CE /* Assets.xcassets in Resources */,
				B92099C62554BF6D003047CE /* Main.storyboard in Resources */,
			);
			runOnlyForDeploymentPostprocessing = 0;
		};
/* End PBXResourcesBuildPhase section */

/* Begin PBXSourcesBuildPhase section */
		B92099B72554BF6D003047CE /* Sources */ = {
			isa = PBXSourcesBuildPhase;
			buildActionMask = 2147483647;
			files = (
				B92099C32554BF6D003047CE /* ViewController.swift in Sources */,
				B92099BF2554BF6D003047CE /* AppDelegate.swift in Sources */,
				B92099D42554C130003047CE /* MainTabBarController.swift in Sources */,
				B92099D72554C3C9003047CE /* MyViewController.swift in Sources */,
				B92099C12554BF6D003047CE /* SceneDelegate.swift in Sources */,
			);
			runOnlyForDeploymentPostprocessing = 0;
		};
/* End PBXSourcesBuildPhase section */

/* Begin PBXVariantGroup section */
		B92099C42554BF6D003047CE /* Main.storyboard */ = {
			isa = PBXVariantGroup;
			children = (
				B92099C52554BF6D003047CE /* Base */,
			);
			name = Main.storyboard;
			sourceTree = "<group>";
		};
		B92099C92554BF6E003047CE /* LaunchScreen.storyboard */ = {
			isa = PBXVariantGroup;
			children = (
				B92099CA2554BF6E003047CE /* Base */,
			);
			name = LaunchScreen.storyboard;
			sourceTree = "<group>";
		};
/* End PBXVariantGroup section */

/* Begin XCBuildConfiguration section */
		B92099CD2554BF6E003047CE /* Debug */ = {
			isa = XCBuildConfiguration;
			buildSettings = {
				ALWAYS_SEARCH_USER_PATHS = NO;
				CLANG_ANALYZER_NONNULL = YES;
				CLANG_ANALYZER_NUMBER_OBJECT_CONVERSION = YES_AGGRESSIVE;
				CLANG_CXX_LANGUAGE_STANDARD = "gnu++14";
				CLANG_CXX_LIBRARY = "libc++";
				CLANG_ENABLE_MODULES = YES;
				CLANG_ENABLE_OBJC_ARC = YES;
				CLANG_ENABLE_OBJC_WEAK = YES;
				CLANG_WARN_BLOCK_CAPTURE_AUTORELEASING = YES;
				CLANG_WARN_BOOL_CONVERSION = YES;
				CLANG_WARN_COMMA = YES;
				CLANG_WARN_CONSTANT_CONVERSION = YES;
				CLANG_WARN_DEPRECATED_OBJC_IMPLEMENTATIONS = YES;
				CLANG_WARN_DIRECT_OBJC_ISA_USAGE = YES_ERROR;
				CLANG_WARN_DOCUMENTATION_COMMENTS = YES;
				CLANG_WARN_EMPTY_BODY = YES;
				CLANG_WARN_ENUM_CONVERSION = YES;
				CLANG_WARN_INFINITE_RECURSION = YES;
				CLANG_WARN_INT_CONVERSION = YES;
				CLANG_WARN_NON_LITERAL_NULL_CONVERSION = YES;
				CLANG_WARN_OBJC_IMPLICIT_RETAIN_SELF = YES;
				CLANG_WARN_OBJC_LITERAL_CONVERSION = YES;
				CLANG_WARN_OBJC_ROOT_CLASS = YES_ERROR;
				CLANG_WARN_QUOTED_INCLUDE_IN_FRAMEWORK_HEADER = YES;
				CLANG_WARN_RANGE_LOOP_ANALYSIS = YES;
				CLANG_WARN_STRICT_PROTOTYPES = YES;
				CLANG_WARN_SUSPICIOUS_MOVE = YES;
				CLANG_WARN_UNGUARDED_AVAILABILITY = YES_AGGRESSIVE;
				CLANG_WARN_UNREACHABLE_CODE = YES;
				CLANG_WARN__DUPLICATE_METHOD_MATCH = YES;
				COPY_PHASE_STRIP = NO;
				DEBUG_INFORMATION_FORMAT = dwarf;
				ENABLE_STRICT_OBJC_MSGSEND = YES;
				ENABLE_TESTABILITY = YES;
				GCC_C_LANGUAGE_STANDARD = gnu11;
				GCC_DYNAMIC_NO_PIC = NO;
				GCC_NO_COMMON_BLOCKS = YES;
				GCC_OPTIMIZATION_LEVEL = 0;
				GCC_PREPROCESSOR_DEFINITIONS = (
					"DEBUG=1",
					"$(inherited)",
				);
				GCC_WARN_64_TO_32_BIT_CONVERSION = YES;
				GCC_WARN_ABOUT_RETURN_TYPE = YES_ERROR;
				GCC_WARN_UNDECLARED_SELECTOR = YES;
				GCC_WARN_UNINITIALIZED_AUTOS = YES_AGGRESSIVE;
				GCC_WARN_UNUSED_FUNCTION = YES;
				GCC_WARN_UNUSED_VARIABLE = YES;
				IPHONEOS_DEPLOYMENT_TARGET = 14.1;
				MTL_ENABLE_DEBUG_INFO = INCLUDE_SOURCE;
				MTL_FAST_MATH = YES;
				ONLY_ACTIVE_ARCH = YES;
				SDKROOT = iphoneos;
				SWIFT_ACTIVE_COMPILATION_CONDITIONS = DEBUG;
				SWIFT_OPTIMIZATION_LEVEL = "-Onone";
			};
			name = Debug;
		};
		B92099CE2554BF6E003047CE /* Release */ = {
			isa = XCBuildConfiguration;
			buildSettings = {
				ALWAYS_SEARCH_USER_PATHS = NO;
				CLANG_ANALYZER_NONNULL = YES;
				CLANG_ANALYZER_NUMBER_OBJECT_CONVERSION = YES_AGGRESSIVE;
				CLANG_CXX_LANGUAGE_STANDARD = "gnu++14";
				CLANG_CXX_LIBRARY = "libc++";
				CLANG_ENABLE_MODULES = YES;
				CLANG_ENABLE_OBJC_ARC = YES;
				CLANG_ENABLE_OBJC_WEAK = YES;
				CLANG_WARN_BLOCK_CAPTURE_AUTORELEASING = YES;
				CLANG_WARN_BOOL_CONVERSION = YES;
				CLANG_WARN_COMMA = YES;
				CLANG_WARN_CONSTANT_CONVERSION = YES;
				CLANG_WARN_DEPRECATED_OBJC_IMPLEMENTATIONS = YES;
				CLANG_WARN_DIRECT_OBJC_ISA_USAGE = YES_ERROR;
				CLANG_WARN_DOCUMENTATION_COMMENTS = YES;
				CLANG_WARN_EMPTY_BODY = YES;
				CLANG_WARN_ENUM_CONVERSION = YES;
				CLANG_WARN_INFINITE_RECURSION = YES;
				CLANG_WARN_INT_CONVERSION = YES;
				CLANG_WARN_NON_LITERAL_NULL_CONVERSION = YES;
				CLANG_WARN_OBJC_IMPLICIT_RETAIN_SELF = YES;
				CLANG_WARN_OBJC_LITERAL_CONVERSION = YES;
				CLANG_WARN_OBJC_ROOT_CLASS = YES_ERROR;
				CLANG_WARN_QUOTED_INCLUDE_IN_FRAMEWORK_HEADER = YES;
				CLANG_WARN_RANGE_LOOP_ANALYSIS = YES;
				CLANG_WARN_STRICT_PROTOTYPES = YES;
				CLANG_WARN_SUSPICIOUS_MOVE = YES;
				CLANG_WARN_UNGUARDED_AVAILABILITY = YES_AGGRESSIVE;
				CLANG_WARN_UNREACHABLE_CODE = YES;
				CLANG_WARN__DUPLICATE_METHOD_MATCH = YES;
				COPY_PHASE_STRIP = NO;
				DEBUG_INFORMATION_FORMAT = "dwarf-with-dsym";
				ENABLE_NS_ASSERTIONS = NO;
				ENABLE_STRICT_OBJC_MSGSEND = YES;
				GCC_C_LANGUAGE_STANDARD = gnu11;
				GCC_NO_COMMON_BLOCKS = YES;
				GCC_WARN_64_TO_32_BIT_CONVERSION = YES;
				GCC_WARN_ABOUT_RETURN_TYPE = YES_ERROR;
				GCC_WARN_UNDECLARED_SELECTOR = YES;
				GCC_WARN_UNINITIALIZED_AUTOS = YES_AGGRESSIVE;
				GCC_WARN_UNUSED_FUNCTION = YES;
				GCC_WARN_UNUSED_VARIABLE = YES;
				IPHONEOS_DEPLOYMENT_TARGET = 14.1;
				MTL_ENABLE_DEBUG_INFO = NO;
				MTL_FAST_MATH = YES;
				SDKROOT = iphoneos;
				SWIFT_COMPILATION_MODE = wholemodule;
				SWIFT_OPTIMIZATION_LEVEL = "-O";
				VALIDATE_PRODUCT = YES;
			};
			name = Release;
		};
		B92099D02554BF6E003047CE /* Debug */ = {
			isa = XCBuildConfiguration;
			buildSettings = {
				ASSETCATALOG_COMPILER_APPICON_NAME = AppIcon;
				ASSETCATALOG_COMPILER_GLOBAL_ACCENT_COLOR_NAME = AccentColor;
				CODE_SIGN_STYLE = Automatic;
				INFOPLIST_FILE = TabBarControllerWithoutStroyboard/Info.plist;
				LD_RUNPATH_SEARCH_PATHS = (
					"$(inherited)",
					"@executable_path/Frameworks",
				);
				PRODUCT_BUNDLE_IDENTIFIER = com.wjapp.TabBarControllerWithoutStroyboard;
				PRODUCT_NAME = "$(TARGET_NAME)";
				SWIFT_VERSION = 5.0;
				TARGETED_DEVICE_FAMILY = "1,2";
			};
			name = Debug;
		};
		B92099D12554BF6E003047CE /* Release */ = {
			isa = XCBuildConfiguration;
			buildSettings = {
				ASSETCATALOG_COMPILER_APPICON_NAME = AppIcon;
				ASSETCATALOG_COMPILER_GLOBAL_ACCENT_COLOR_NAME = AccentColor;
				CODE_SIGN_STYLE = Automatic;
				INFOPLIST_FILE = TabBarControllerWithoutStroyboard/Info.plist;
				LD_RUNPATH_SEARCH_PATHS = (
					"$(inherited)",
					"@executable_path/Frameworks",
				);
				PRODUCT_BUNDLE_IDENTIFIER = com.wjapp.TabBarControllerWithoutStroyboard;
				PRODUCT_NAME = "$(TARGET_NAME)";
				SWIFT_VERSION = 5.0;
				TARGETED_DEVICE_FAMILY = "1,2";
			};
			name = Release;
		};
/* End XCBuildConfiguration section */

/* Begin XCConfigurationList section */
		B92099B62554BF6D003047CE /* Build configuration list for PBXProject "TabBarControllerWithoutStroyboard" */ = {
			isa = XCConfigurationList;
			buildConfigurations = (
				B92099CD2554BF6E003047CE /* Debug */,
				B92099CE2554BF6E003047CE /* Release */,
			);
			defaultConfigurationIsVisible = 0;
			defaultConfigurationName = Release;
		};
		B92099CF2554BF6E003047CE /* Build configuration list for PBXNativeTarget "TabBarControllerWithoutStroyboard" */ = {
			isa = XCConfigurationList;
			buildConfigurations = (
				B92099D02554BF6E003047CE /* Debug */,
				B92099D12554BF6E003047CE /* Release */,
			);
			defaultConfigurationIsVisible = 0;
			defaultConfigurationName = Release;
		};
/* End XCConfigurationList section */
	};
	rootObject = B92099B32554BF6D003047CE /* Project object */;
}
